
Microsoft Visual Studio Solution File, Format Version 12.00
# Visual Studio Version 17
VisualStudioVersion = 17.0.31912.275
MinimumVisualStudioVersion = 10.0.40219.1
Project("{9A19103F-16F7-4668-BE54-9A1E7A4F7556}") = "MemberPlatformApi", "MemberPlatformApi\MemberPlatformApi.csproj", "{4566A020-BACD-4258-89EF-1EACDB7D217C}"
EndProject
Project("{9A19103F-16F7-4668-BE54-9A1E7A4F7556}") = "MemberPlatformDAL", "MemberPlatformDAL\MemberPlatformDAL.csproj", "{8B764622-54BC-4A50-B9DC-9F7251D7FEF7}"
EndProject
Project("{9A19103F-16F7-4668-BE54-9A1E7A4F7556}") = "MemberPlatformCore", "MemberPlatformCore\MemberPlatformCore.csproj", "{3AD31DFF-3420-4F0E-BC7B-ED233C38F9D3}"
EndProject
Project("{FAE04EC0-301F-11D3-BF4B-00C04F79EFBC}") = "MemberPlatformCore.Test", "MemberPlatformCore.Test\MemberPlatformCore.Test.csproj", "{A166CDCA-E80D-4644-A23A-5E96E151F93F}"
EndProject
Global
	GlobalSection(SolutionConfigurationPlatforms) = preSolution
		Debug|Any CPU = Debug|Any CPU
		Release|Any CPU = Release|Any CPU
	EndGlobalSection
	GlobalSection(ProjectConfigurationPlatforms) = postSolution
		{4566A020-BACD-4258-89EF-1EACDB7D217C}.Debug|Any CPU.ActiveCfg = Debug|Any CPU
		{4566A020-BACD-4258-89EF-1EACDB7D217C}.Debug|Any CPU.Build.0 = Debug|Any CPU
		{4566A020-BACD-4258-89EF-1EACDB7D217C}.Release|Any CPU.ActiveCfg = Release|Any CPU
		{4566A020-BACD-4258-89EF-1EACDB7D217C}.Release|Any CPU.Build.0 = Release|Any CPU
		{8B764622-54BC-4A50-B9DC-9F7251D7FEF7}.Debug|Any CPU.ActiveCfg = Debug|Any CPU
		{8B764622-54BC-4A50-B9DC-9F7251D7FEF7}.Debug|Any CPU.Build.0 = Debug|Any CPU
		{8B764622-54BC-4A50-B9DC-9F7251D7FEF7}.Release|Any CPU.ActiveCfg = Release|Any CPU
		{8B764622-54BC-4A50-B9DC-9F7251D7FEF7}.Release|Any CPU.Build.0 = Release|Any CPU
		{3AD31DFF-3420-4F0E-BC7B-ED233C38F9D3}.Debug|Any CPU.ActiveCfg = Debug|Any CPU
		{3AD31DFF-3420-4F0E-BC7B-ED233C38F9D3}.Debug|Any CPU.Build.0 = Debug|Any CPU
		{3AD31DFF-3420-4F0E-BC7B-ED233C38F9D3}.Release|Any CPU.ActiveCfg = Release|Any CPU
		{3AD31DFF-3420-4F0E-BC7B-ED233C38F9D3}.Release|Any CPU.Build.0 = Release|Any CPU
		{A166CDCA-E80D-4644-A23A-5E96E151F93F}.Debug|Any CPU.ActiveCfg = Debug|Any CPU
		{A166CDCA-E80D-4644-A23A-5E96E151F93F}.Debug|Any CPU.Build.0 = Debug|Any CPU
		{A166CDCA-E80D-4644-A23A-5E96E151F93F}.Release|Any CPU.ActiveCfg = Release|Any CPU
		{A166CDCA-E80D-4644-A23A-5E96E151F93F}.Release|Any CPU.Build.0 = Release|Any CPU
	EndGlobalSection
	GlobalSection(SolutionProperties) = preSolution
		HideSolutionNode = FALSE
	EndGlobalSection
	GlobalSection(ExtensibilityGlobals) = postSolution
		SolutionGuid = {6E8DBBB3-7B7A-4CE1-9BD0-3F715E1CDDDE}
	EndGlobalSection
EndGlobal
